
Microsoft Visual Studio Solution File, Format Version 12.00
# Visual Studio Version 16
VisualStudioVersion = 16.0.30503.244
MinimumVisualStudioVersion = 10.0.40219.1
Project("{FAE04EC0-301F-11D3-BF4B-00C04F79EFBC}") = "PlainUPDReciever", "PlainUPDReciever\PlainUPDReciever.csproj", "{60690867-8D91-478D-9470-081259EB2966}"
EndProject
Project("{FAE04EC0-301F-11D3-BF4B-00C04F79EFBC}") = "ModelLib", "ModelLib\ModelLib.csproj", "{77B161A3-2AB2-4056-B465-82AF3C1C54BC}"
EndProject
Project("{FAE04EC0-301F-11D3-BF4B-00C04F79EFBC}") = "PlainUPDSender", "PlainUPDSender\PlainUPDSender.csproj", "{68A1F804-5ACF-48DF-A963-9231BED5F8C6}"
EndProject
Global
	GlobalSection(SolutionConfigurationPlatforms) = preSolution
		Debug|Any CPU = Debug|Any CPU
		Release|Any CPU = Release|Any CPU
	EndGlobalSection
	GlobalSection(ProjectConfigurationPlatforms) = postSolution
		{60690867-8D91-478D-9470-081259EB2966}.Debug|Any CPU.ActiveCfg = Debug|Any CPU
		{60690867-8D91-478D-9470-081259EB2966}.Debug|Any CPU.Build.0 = Debug|Any CPU
		{60690867-8D91-478D-9470-081259EB2966}.Release|Any CPU.ActiveCfg = Release|Any CPU
		{60690867-8D91-478D-9470-081259EB2966}.Release|Any CPU.Build.0 = Release|Any CPU
		{77B161A3-2AB2-4056-B465-82AF3C1C54BC}.Debug|Any CPU.ActiveCfg = Debug|Any CPU
		{77B161A3-2AB2-4056-B465-82AF3C1C54BC}.Debug|Any CPU.Build.0 = Debug|Any CPU
		{77B161A3-2AB2-4056-B465-82AF3C1C54BC}.Release|Any CPU.ActiveCfg = Release|Any CPU
		{77B161A3-2AB2-4056-B465-82AF3C1C54BC}.Release|Any CPU.Build.0 = Release|Any CPU
		{68A1F804-5ACF-48DF-A963-9231BED5F8C6}.Debug|Any CPU.ActiveCfg = Debug|Any CPU
		{68A1F804-5ACF-48DF-A963-9231BED5F8C6}.Debug|Any CPU.Build.0 = Debug|Any CPU
		{68A1F804-5ACF-48DF-A963-9231BED5F8C6}.Release|Any CPU.ActiveCfg = Release|Any CPU
		{68A1F804-5ACF-48DF-A963-9231BED5F8C6}.Release|Any CPU.Build.0 = Release|Any CPU
	EndGlobalSection
	GlobalSection(SolutionProperties) = preSolution
		HideSolutionNode = FALSE
	EndGlobalSection
	GlobalSection(ExtensibilityGlobals) = postSolution
		SolutionGuid = {99A9BE51-77ED-44B9-B4AA-6077803A44A9}
	EndGlobalSection
EndGlobal
